
Microsoft Visual Studio Solution File, Format Version 12.00
# Visual Studio Version 17
VisualStudioVersion = 17.13.35919.96
MinimumVisualStudioVersion = 10.0.40219.1
Project("{FAE04EC0-301F-11D3-BF4B-00C04F79EFBC}") = "FIAP Cloud Games API", "FIAP Cloud Games\FIAP Cloud Games API.csproj", "{407CD890-E137-43AD-9F49-83B4CE9EC6F0}"
EndProject
Project("{FAE04EC0-301F-11D3-BF4B-00C04F79EFBC}") = "Domain", "Domain\Domain.csproj", "{4CC8DC97-4B48-4C51-A858-DB035D940770}"
EndProject
Project("{FAE04EC0-301F-11D3-BF4B-00C04F79EFBC}") = "Infrastructure", "Infrastructure\Infrastructure.csproj", "{4C04509E-54C6-4458-BACA-C60C8E611395}"
EndProject
Project("{FAE04EC0-301F-11D3-BF4B-00C04F79EFBC}") = "Application", "Application\Application.csproj", "{9A0FBA0A-44A9-4666-A827-E55FCC81F337}"
EndProject
Global
	GlobalSection(SolutionConfigurationPlatforms) = preSolution
		Debug|Any CPU = Debug|Any CPU
		Release|Any CPU = Release|Any CPU
	EndGlobalSection
	GlobalSection(ProjectConfigurationPlatforms) = postSolution
		{407CD890-E137-43AD-9F49-83B4CE9EC6F0}.Debug|Any CPU.ActiveCfg = Debug|Any CPU
		{407CD890-E137-43AD-9F49-83B4CE9EC6F0}.Debug|Any CPU.Build.0 = Debug|Any CPU
		{407CD890-E137-43AD-9F49-83B4CE9EC6F0}.Release|Any CPU.ActiveCfg = Release|Any CPU
		{407CD890-E137-43AD-9F49-83B4CE9EC6F0}.Release|Any CPU.Build.0 = Release|Any CPU
		{4CC8DC97-4B48-4C51-A858-DB035D940770}.Debug|Any CPU.ActiveCfg = Debug|Any CPU
		{4CC8DC97-4B48-4C51-A858-DB035D940770}.Debug|Any CPU.Build.0 = Debug|Any CPU
		{4CC8DC97-4B48-4C51-A858-DB035D940770}.Release|Any CPU.ActiveCfg = Release|Any CPU
		{4CC8DC97-4B48-4C51-A858-DB035D940770}.Release|Any CPU.Build.0 = Release|Any CPU
		{4C04509E-54C6-4458-BACA-C60C8E611395}.Debug|Any CPU.ActiveCfg = Debug|Any CPU
		{4C04509E-54C6-4458-BACA-C60C8E611395}.Debug|Any CPU.Build.0 = Debug|Any CPU
		{4C04509E-54C6-4458-BACA-C60C8E611395}.Release|Any CPU.ActiveCfg = Release|Any CPU
		{4C04509E-54C6-4458-BACA-C60C8E611395}.Release|Any CPU.Build.0 = Release|Any CPU
		{9A0FBA0A-44A9-4666-A827-E55FCC81F337}.Debug|Any CPU.ActiveCfg = Debug|Any CPU
		{9A0FBA0A-44A9-4666-A827-E55FCC81F337}.Debug|Any CPU.Build.0 = Debug|Any CPU
		{9A0FBA0A-44A9-4666-A827-E55FCC81F337}.Release|Any CPU.ActiveCfg = Release|Any CPU
		{9A0FBA0A-44A9-4666-A827-E55FCC81F337}.Release|Any CPU.Build.0 = Release|Any CPU
	EndGlobalSection
	GlobalSection(SolutionProperties) = preSolution
		HideSolutionNode = FALSE
	EndGlobalSection
	GlobalSection(ExtensibilityGlobals) = postSolution
		SolutionGuid = {A35FA62B-C656-4328-8712-D9146FB5B1F8}
	EndGlobalSection
EndGlobal
